// !$*UTF8*$!
{
	archiveVersion = 1;
	classes = {
	};
	objectVersion = 77;
	objects = {

/* Begin PBXBuildFile section */
		BA111F902DA2EB0800357EE3 /* FirebaseAnalytics in Frameworks */ = {isa = PBXBuildFile; productRef = BA111F8F2DA2EB0800357EE3 /* FirebaseAnalytics */; };
		BA111F922DA2EB0800357EE3 /* FirebaseAuth in Frameworks */ = {isa = PBXBuildFile; productRef = BA111F912DA2EB0800357EE3 /* FirebaseAuth */; };
		BA111F942DA2EB0800357EE3 /* FirebaseFirestore in Frameworks */ = {isa = PBXBuildFile; productRef = BA111F932DA2EB0800357EE3 /* FirebaseFirestore */; };
		BA111F962DA2EB0800357EE3 /* FirebaseFunctions in Frameworks */ = {isa = PBXBuildFile; productRef = BA111F952DA2EB0800357EE3 /* FirebaseFunctions */; };
		BA6432B82DA3183F00FF9D45 /* FirebaseFirestoreSwift in Frameworks */ = {isa = PBXBuildFile; productRef = BA6432B72DA3183F00FF9D45 /* FirebaseFirestoreSwift */; };
/* End PBXBuildFile section */

/* Begin PBXContainerItemProxy section */
		BA111F6B2DA2E65C00357EE3 /* PBXContainerItemProxy */ = {
			isa = PBXContainerItemProxy;
			containerPortal = BA111F502DA2E65A00357EE3 /* Project object */;
			proxyType = 1;
			remoteGlobalIDString = BA111F572DA2E65A00357EE3;
			remoteInfo = tandm;
		};
		BA111F752DA2E65C00357EE3 /* PBXContainerItemProxy */ = {
			isa = PBXContainerItemProxy;
			containerPortal = BA111F502DA2E65A00357EE3 /* Project object */;
			proxyType = 1;
			remoteGlobalIDString = BA111F572DA2E65A00357EE3;
			remoteInfo = tandm;
		};
/* End PBXContainerItemProxy section */

/* Begin PBXFileReference section */
		BA111F582DA2E65A00357EE3 /* tandm.app */ = {isa = PBXFileReference; explicitFileType = wrapper.application; includeInIndex = 0; path = tandm.app; sourceTree = BUILT_PRODUCTS_DIR; };
		BA111F6A2DA2E65C00357EE3 /* tandmTests.xctest */ = {isa = PBXFileReference; explicitFileType = wrapper.cfbundle; includeInIndex = 0; path = tandmTests.xctest; sourceTree = BUILT_PRODUCTS_DIR; };
		BA111F742DA2E65C00357EE3 /* tandmUITests.xctest */ = {isa = PBXFileReference; explicitFileType = wrapper.cfbundle; includeInIndex = 0; path = tandmUITests.xctest; sourceTree = BUILT_PRODUCTS_DIR; };
/* End PBXFileReference section */

/* Begin PBXFileSystemSynchronizedRootGroup section */
		BA111F5A2DA2E65A00357EE3 /* tandm */ = {
			isa = PBXFileSystemSynchronizedRootGroup;
			path = tandm;
			sourceTree = "<group>";
		};
/* End PBXFileSystemSynchronizedRootGroup section */

/* Begin PBXFrameworksBuildPhase section */
		BA111F552DA2E65A00357EE3 /* Frameworks */ = {
			isa = PBXFrameworksBuildPhase;
			buildActionMask = 2147483647;
			files = (
				BA6432B82DA3183F00FF9D45 /* FirebaseFirestoreSwift in Frameworks */,
				BA111F902DA2EB0800357EE3 /* FirebaseAnalytics in Frameworks */,
				BA111F922DA2EB0800357EE3 /* FirebaseAuth in Frameworks */,
				BA111F942DA2EB0800357EE3 /* FirebaseFirestore in Frameworks */,
				BA111F962DA2EB0800357EE3 /* FirebaseFunctions in Frameworks */,
			);
			runOnlyForDeploymentPostprocessing = 0;
		};
		BA111F672DA2E65C00357EE3 /* Frameworks */ = {
			isa = PBXFrameworksBuildPhase;
			buildActionMask = 2147483647;
			files = (
			);
			runOnlyForDeploymentPostprocessing = 0;
		};
		BA111F712DA2E65C00357EE3 /* Frameworks */ = {
			isa = PBXFrameworksBuildPhase;
			buildActionMask = 2147483647;
			files = (
			);
			runOnlyForDeploymentPostprocessing = 0;
		};
/* End PBXFrameworksBuildPhase section */

/* Begin PBXGroup section */
		BA111F4F2DA2E65A00357EE3 = {
			isa = PBXGroup;
			children = (
				BA111F5A2DA2E65A00357EE3 /* tandm */,
				BA6432B62DA3140F00FF9D45 /* Frameworks */,
				BA111F592DA2E65A00357EE3 /* Products */,
			);
			sourceTree = "<group>";
		};
		BA111F592DA2E65A00357EE3 /* Products */ = {
			isa = PBXGroup;
			children = (
				BA111F582DA2E65A00357EE3 /* tandm.app */,
				BA111F6A2DA2E65C00357EE3 /* tandmTests.xctest */,
				BA111F742DA2E65C00357EE3 /* tandmUITests.xctest */,
			);
			name = Products;
			sourceTree = "<group>";
		};
		BA6432B62DA3140F00FF9D45 /* Frameworks */ = {
			isa = PBXGroup;
			children = (
			);
			name = Frameworks;
			sourceTree = "<group>";
		};
/* End PBXGroup section */

/* Begin PBXNativeTarget section */
		BA111F572DA2E65A00357EE3 /* tandm */ = {
			isa = PBXNativeTarget;
			buildConfigurationList = BA111F7E2DA2E65C00357EE3 /* Build configuration list for PBXNativeTarget "tandm" */;
			buildPhases = (
				BA111F542DA2E65A00357EE3 /* Sources */,
				BA111F552DA2E65A00357EE3 /* Frameworks */,
				BA111F562DA2E65A00357EE3 /* Resources */,
			);
			buildRules = (
			);
			dependencies = (
			);
			fileSystemSynchronizedGroups = (
				BA111F5A2DA2E65A00357EE3 /* tandm */,
			);
			name = tandm;
			packageProductDependencies = (
				BA111F8F2DA2EB0800357EE3 /* FirebaseAnalytics */,
				BA111F912DA2EB0800357EE3 /* FirebaseAuth */,
				BA111F932DA2EB0800357EE3 /* FirebaseFirestore */,
				BA111F952DA2EB0800357EE3 /* FirebaseFunctions */,
				BA6432B72DA3183F00FF9D45 /* FirebaseFirestoreSwift */,
			);
			productName = tandm;
			productReference = BA111F582DA2E65A00357EE3 /* tandm.app */;
			productType = "com.apple.product-type.application";
		};
		BA111F692DA2E65C00357EE3 /* tandmTests */ = {
			isa = PBXNativeTarget;
			buildConfigurationList = BA111F812DA2E65C00357EE3 /* Build configuration list for PBXNativeTarget "tandmTests" */;
			buildPhases = (
				BA111F662DA2E65C00357EE3 /* Sources */,
				BA111F672DA2E65C00357EE3 /* Frameworks */,
				BA111F682DA2E65C00357EE3 /* Resources */,
			);
			buildRules = (
			);
			dependencies = (
				BA111F6C2DA2E65C00357EE3 /* PBXTargetDependency */,
			);
			name = tandmTests;
			packageProductDependencies = (
			);
			productName = tandmTests;
			productReference = BA111F6A2DA2E65C00357EE3 /* tandmTests.xctest */;
			productType = "com.apple.product-type.bundle.unit-test";
		};
		BA111F732DA2E65C00357EE3 /* tandmUITests */ = {
			isa = PBXNativeTarget;
			buildConfigurationList = BA111F842DA2E65C00357EE3 /* Build configuration list for PBXNativeTarget "tandmUITests" */;
			buildPhases = (
				BA111F702DA2E65C00357EE3 /* Sources */,
				BA111F712DA2E65C00357EE3 /* Frameworks */,
				BA111F722DA2E65C00357EE3 /* Resources */,
			);
			buildRules = (
			);
			dependencies = (
				BA111F762DA2E65C00357EE3 /* PBXTargetDependency */,
			);
			name = tandmUITests;
			packageProductDependencies = (
			);
			productName = tandmUITests;
			productReference = BA111F742DA2E65C00357EE3 /* tandmUITests.xctest */;
			productType = "com.apple.product-type.bundle.ui-testing";
		};
/* End PBXNativeTarget section */

/* Begin PBXProject section */
		BA111F502DA2E65A00357EE3 /* Project object */ = {
			isa = PBXProject;
			attributes = {
				BuildIndependentTargetsInParallel = 1;
				LastSwiftUpdateCheck = 1620;
				LastUpgradeCheck = 1620;
				TargetAttributes = {
					BA111F572DA2E65A00357EE3 = {
						CreatedOnToolsVersion = 16.2;
					};
					BA111F692DA2E65C00357EE3 = {
						CreatedOnToolsVersion = 16.2;
						TestTargetID = BA111F572DA2E65A00357EE3;
					};
					BA111F732DA2E65C00357EE3 = {
						CreatedOnToolsVersion = 16.2;
						TestTargetID = BA111F572DA2E65A00357EE3;
					};
				};
			};
			buildConfigurationList = BA111F532DA2E65A00357EE3 /* Build configuration list for PBXProject "tandm" */;
			developmentRegion = en;
			hasScannedForEncodings = 0;
			knownRegions = (
				en,
				Base,
			);
			mainGroup = BA111F4F2DA2E65A00357EE3;
			minimizedProjectReferenceProxies = 1;
			packageReferences = (
				BA111F8E2DA2EB0800357EE3 /* XCRemoteSwiftPackageReference "firebase-ios-sdk" */,
			);
			preferredProjectObjectVersion = 77;
			productRefGroup = BA111F592DA2E65A00357EE3 /* Products */;
			projectDirPath = "";
			projectRoot = "";
			targets = (
				BA111F572DA2E65A00357EE3 /* tandm */,
				BA111F692DA2E65C00357EE3 /* tandmTests */,
				BA111F732DA2E65C00357EE3 /* tandmUITests */,
			);
		};
/* End PBXProject section */

/* Begin PBXResourcesBuildPhase section */
		BA111F562DA2E65A00357EE3 /* Resources */ = {
			isa = PBXResourcesBuildPhase;
			buildActionMask = 2147483647;
			files = (
			);
			runOnlyForDeploymentPostprocessing = 0;
		};
		BA111F682DA2E65C00357EE3 /* Resources */ = {
			isa = PBXResourcesBuildPhase;
			buildActionMask = 2147483647;
			files = (
			);
			runOnlyForDeploymentPostprocessing = 0;
		};
		BA111F722DA2E65C00357EE3 /* Resources */ = {
			isa = PBXResourcesBuildPhase;
			buildActionMask = 2147483647;
			files = (
			);
			runOnlyForDeploymentPostprocessing = 0;
		};
/* End PBXResourcesBuildPhase section */

/* Begin PBXSourcesBuildPhase section */
		BA111F542DA2E65A00357EE3 /* Sources */ = {
			isa = PBXSourcesBuildPhase;
			buildActionMask = 2147483647;
			files = (
			);
			runOnlyForDeploymentPostprocessing = 0;
		};
		BA111F662DA2E65C00357EE3 /* Sources */ = {
			isa = PBXSourcesBuildPhase;
			buildActionMask = 2147483647;
			files = (
			);
			runOnlyForDeploymentPostprocessing = 0;
		};
		BA111F702DA2E65C00357EE3 /* Sources */ = {
			isa = PBXSourcesBuildPhase;
			buildActionMask = 2147483647;
			files = (
			);
			runOnlyForDeploymentPostprocessing = 0;
		};
/* End PBXSourcesBuildPhase section */

/* Begin PBXTargetDependency section */
		BA111F6C2DA2E65C00357EE3 /* PBXTargetDependency */ = {
			isa = PBXTargetDependency;
			target = BA111F572DA2E65A00357EE3 /* tandm */;
			targetProxy = BA111F6B2DA2E65C00357EE3 /* PBXContainerItemProxy */;
		};
		BA111F762DA2E65C00357EE3 /* PBXTargetDependency */ = {
			isa = PBXTargetDependency;
			target = BA111F572DA2E65A00357EE3 /* tandm */;
			targetProxy = BA111F752DA2E65C00357EE3 /* PBXContainerItemProxy */;
		};
/* End PBXTargetDependency section */

/* Begin XCBuildConfiguration section */
		BA111F7C2DA2E65C00357EE3 /* Debug */ = {
			isa = XCBuildConfiguration;
			buildSettings = {
				ALWAYS_SEARCH_USER_PATHS = NO;
				ASSETCATALOG_COMPILER_GENERATE_SWIFT_ASSET_SYMBOL_EXTENSIONS = YES;
				CLANG_ANALYZER_NONNULL = YES;
				CLANG_ANALYZER_NUMBER_OBJECT_CONVERSION = YES_AGGRESSIVE;
				CLANG_CXX_LANGUAGE_STANDARD = "gnu++20";
				CLANG_ENABLE_MODULES = YES;
				CLANG_ENABLE_OBJC_ARC = YES;
				CLANG_ENABLE_OBJC_WEAK = YES;
				CLANG_WARN_BLOCK_CAPTURE_AUTORELEASING = YES;
				CLANG_WARN_BOOL_CONVERSION = YES;
				CLANG_WARN_COMMA = YES;
				CLANG_WARN_CONSTANT_CONVERSION = YES;
				CLANG_WARN_DEPRECATED_OBJC_IMPLEMENTATIONS = YES;
				CLANG_WARN_DIRECT_OBJC_ISA_USAGE = YES_ERROR;
				CLANG_WARN_DOCUMENTATION_COMMENTS = YES;
				CLANG_WARN_EMPTY_BODY = YES;
				CLANG_WARN_ENUM_CONVERSION = YES;
				CLANG_WARN_INFINITE_RECURSION = YES;
				CLANG_WARN_INT_CONVERSION = YES;
				CLANG_WARN_NON_LITERAL_NULL_CONVERSION = YES;
				CLANG_WARN_OBJC_IMPLICIT_RETAIN_SELF = YES;
				CLANG_WARN_OBJC_LITERAL_CONVERSION = YES;
				CLANG_WARN_OBJC_ROOT_CLASS = YES_ERROR;
				CLANG_WARN_QUOTED_INCLUDE_IN_FRAMEWORK_HEADER = YES;
				CLANG_WARN_RANGE_LOOP_ANALYSIS = YES;
				CLANG_WARN_STRICT_PROTOTYPES = YES;
				CLANG_WARN_SUSPICIOUS_MOVE = YES;
				CLANG_WARN_UNGUARDED_AVAILABILITY = YES_AGGRESSIVE;
				CLANG_WARN_UNREACHABLE_CODE = YES;
				CLANG_WARN__DUPLICATE_METHOD_MATCH = YES;
				COPY_PHASE_STRIP = NO;
				DEBUG_INFORMATION_FORMAT = dwarf;
				ENABLE_STRICT_OBJC_MSGSEND = YES;
				ENABLE_TESTABILITY = YES;
				ENABLE_USER_SCRIPT_SANDBOXING = YES;
				GCC_C_LANGUAGE_STANDARD = gnu17;
				GCC_DYNAMIC_NO_PIC = NO;
				GCC_NO_COMMON_BLOCKS = YES;
				GCC_OPTIMIZATION_LEVEL = 0;
				GCC_PREPROCESSOR_DEFINITIONS = (
					"DEBUG=1",
					"$(inherited)",
				);
				GCC_WARN_64_TO_32_BIT_CONVERSION = YES;
				GCC_WARN_ABOUT_RETURN_TYPE = YES_ERROR;
				GCC_WARN_UNDECLARED_SELECTOR = YES;
				GCC_WARN_UNINITIALIZED_AUTOS = YES_AGGRESSIVE;
				GCC_WARN_UNUSED_FUNCTION = YES;
				GCC_WARN_UNUSED_VARIABLE = YES;
				IPHONEOS_DEPLOYMENT_TARGET = 18.2;
				LOCALIZATION_PREFERS_STRING_CATALOGS = YES;
				MTL_ENABLE_DEBUG_INFO = INCLUDE_SOURCE;
				MTL_FAST_MATH = YES;
				ONLY_ACTIVE_ARCH = YES;
				SDKROOT = iphoneos;
				SWIFT_ACTIVE_COMPILATION_CONDITIONS = "DEBUG $(inherited)";
				SWIFT_OPTIMIZATION_LEVEL = "-Onone";
			};
			name = Debug;
		};
		BA111F7D2DA2E65C00357EE3 /* Release */ = {
			isa = XCBuildConfiguration;
			buildSettings = {
				ALWAYS_SEARCH_USER_PATHS = NO;
				ASSETCATALOG_COMPILER_GENERATE_SWIFT_ASSET_SYMBOL_EXTENSIONS = YES;
				CLANG_ANALYZER_NONNULL = YES;
				CLANG_ANALYZER_NUMBER_OBJECT_CONVERSION = YES_AGGRESSIVE;
				CLANG_CXX_LANGUAGE_STANDARD = "gnu++20";
				CLANG_ENABLE_MODULES = YES;
				CLANG_ENABLE_OBJC_ARC = YES;
				CLANG_ENABLE_OBJC_WEAK = YES;
				CLANG_WARN_BLOCK_CAPTURE_AUTORELEASING = YES;
				CLANG_WARN_BOOL_CONVERSION = YES;
				CLANG_WARN_COMMA = YES;
				CLANG_WARN_CONSTANT_CONVERSION = YES;
				CLANG_WARN_DEPRECATED_OBJC_IMPLEMENTATIONS = YES;
				CLANG_WARN_DIRECT_OBJC_ISA_USAGE = YES_ERROR;
				CLANG_WARN_DOCUMENTATION_COMMENTS = YES;
				CLANG_WARN_EMPTY_BODY = YES;
				CLANG_WARN_ENUM_CONVERSION = YES;
				CLANG_WARN_INFINITE_RECURSION = YES;
				CLANG_WARN_INT_CONVERSION = YES;
				CLANG_WARN_NON_LITERAL_NULL_CONVERSION = YES;
				CLANG_WARN_OBJC_IMPLICIT_RETAIN_SELF = YES;
				CLANG_WARN_OBJC_LITERAL_CONVERSION = YES;
				CLANG_WARN_OBJC_ROOT_CLASS = YES_ERROR;
				CLANG_WARN_QUOTED_INCLUDE_IN_FRAMEWORK_HEADER = YES;
				CLANG_WARN_RANGE_LOOP_ANALYSIS = YES;
				CLANG_WARN_STRICT_PROTOTYPES = YES;
				CLANG_WARN_SUSPICIOUS_MOVE = YES;
				CLANG_WARN_UNGUARDED_AVAILABILITY = YES_AGGRESSIVE;
				CLANG_WARN_UNREACHABLE_CODE = YES;
				CLANG_WARN__DUPLICATE_METHOD_MATCH = YES;
				COPY_PHASE_STRIP = NO;
				DEBUG_INFORMATION_FORMAT = "dwarf-with-dsym";
				ENABLE_NS_ASSERTIONS = NO;
				ENABLE_STRICT_OBJC_MSGSEND = YES;
				ENABLE_USER_SCRIPT_SANDBOXING = YES;
				GCC_C_LANGUAGE_STANDARD = gnu17;
				GCC_NO_COMMON_BLOCKS = YES;
				GCC_WARN_64_TO_32_BIT_CONVERSION = YES;
				GCC_WARN_ABOUT_RETURN_TYPE = YES_ERROR;
				GCC_WARN_UNDECLARED_SELECTOR = YES;
				GCC_WARN_UNINITIALIZED_AUTOS = YES_AGGRESSIVE;
				GCC_WARN_UNUSED_FUNCTION = YES;
				GCC_WARN_UNUSED_VARIABLE = YES;
				IPHONEOS_DEPLOYMENT_TARGET = 18.2;
				LOCALIZATION_PREFERS_STRING_CATALOGS = YES;
				MTL_ENABLE_DEBUG_INFO = NO;
				MTL_FAST_MATH = YES;
				SDKROOT = iphoneos;
				SWIFT_COMPILATION_MODE = wholemodule;
				VALIDATE_PRODUCT = YES;
			};
			name = Release;
		};
		BA111F7F2DA2E65C00357EE3 /* Debug */ = {
			isa = XCBuildConfiguration;
			buildSettings = {
				ASSETCATALOG_COMPILER_APPICON_NAME = AppIcon;
				ASSETCATALOG_COMPILER_GLOBAL_ACCENT_COLOR_NAME = AccentColor;
				CODE_SIGN_STYLE = Automatic;
				CURRENT_PROJECT_VERSION = 1;
				DEVELOPMENT_ASSET_PATHS = "\"tandm/Preview Content\"";
				DEVELOPMENT_TEAM = 2Z8W2F9Q6D;
				ENABLE_PREVIEWS = YES;
				GENERATE_INFOPLIST_FILE = YES;
				INFOPLIST_KEY_UIApplicationSceneManifest_Generation = YES;
				INFOPLIST_KEY_UIApplicationSupportsIndirectInputEvents = YES;
				INFOPLIST_KEY_UILaunchScreen_Generation = YES;
				INFOPLIST_KEY_UISupportedInterfaceOrientations_iPad = "UIInterfaceOrientationPortrait UIInterfaceOrientationPortraitUpsideDown UIInterfaceOrientationLandscapeLeft UIInterfaceOrientationLandscapeRight";
				INFOPLIST_KEY_UISupportedInterfaceOrientations_iPhone = "UIInterfaceOrientationPortrait UIInterfaceOrientationLandscapeLeft UIInterfaceOrientationLandscapeRight";
				LD_RUNPATH_SEARCH_PATHS = (
					"$(inherited)",
					"@executable_path/Frameworks",
				);
				MARKETING_VERSION = 1.0;
				PRODUCT_BUNDLE_IDENTIFIER = com.marshall.tandm;
				PRODUCT_NAME = "$(TARGET_NAME)";
				SWIFT_EMIT_LOC_STRINGS = YES;
				SWIFT_VERSION = 5.0;
				TARGETED_DEVICE_FAMILY = "1,2";
			};
			name = Debug;
		};
		BA111F802DA2E65C00357EE3 /* Release */ = {
			isa = XCBuildConfiguration;
			buildSettings = {
				ASSETCATALOG_COMPILER_APPICON_NAME = AppIcon;
				ASSETCATALOG_COMPILER_GLOBAL_ACCENT_COLOR_NAME = AccentColor;
				CODE_SIGN_STYLE = Automatic;
				CURRENT_PROJECT_VERSION = 1;
				DEVELOPMENT_ASSET_PATHS = "\"tandm/Preview Content\"";
				DEVELOPMENT_TEAM = 2Z8W2F9Q6D;
				ENABLE_PREVIEWS = YES;
				GENERATE_INFOPLIST_FILE = YES;
				INFOPLIST_KEY_UIApplicationSceneManifest_Generation = YES;
				INFOPLIST_KEY_UIApplicationSupportsIndirectInputEvents = YES;
				INFOPLIST_KEY_UILaunchScreen_Generation = YES;
				INFOPLIST_KEY_UISupportedInterfaceOrientations_iPad = "UIInterfaceOrientationPortrait UIInterfaceOrientationPortraitUpsideDown UIInterfaceOrientationLandscapeLeft UIInterfaceOrientationLandscapeRight";
				INFOPLIST_KEY_UISupportedInterfaceOrientations_iPhone = "UIInterfaceOrientationPortrait UIInterfaceOrientationLandscapeLeft UIInterfaceOrientationLandscapeRight";
				LD_RUNPATH_SEARCH_PATHS = (
					"$(inherited)",
					"@executable_path/Frameworks",
				);
				MARKETING_VERSION = 1.0;
				PRODUCT_BUNDLE_IDENTIFIER = com.marshall.tandm;
				PRODUCT_NAME = "$(TARGET_NAME)";
				SWIFT_EMIT_LOC_STRINGS = YES;
				SWIFT_VERSION = 5.0;
				TARGETED_DEVICE_FAMILY = "1,2";
			};
			name = Release;
		};
		BA111F822DA2E65C00357EE3 /* Debug */ = {
			isa = XCBuildConfiguration;
			buildSettings = {
				BUNDLE_LOADER = "$(TEST_HOST)";
				CODE_SIGN_STYLE = Automatic;
				CURRENT_PROJECT_VERSION = 1;
				DEVELOPMENT_TEAM = 2Z8W2F9Q6D;
				GENERATE_INFOPLIST_FILE = YES;
				IPHONEOS_DEPLOYMENT_TARGET = 18.2;
				MARKETING_VERSION = 1.0;
				PRODUCT_BUNDLE_IDENTIFIER = com.marshall.tandmTests;
				PRODUCT_NAME = "$(TARGET_NAME)";
				SWIFT_EMIT_LOC_STRINGS = NO;
				SWIFT_VERSION = 5.0;
				TARGETED_DEVICE_FAMILY = "1,2";
				TEST_HOST = "$(BUILT_PRODUCTS_DIR)/tandm.app/$(BUNDLE_EXECUTABLE_FOLDER_PATH)/tandm";
			};
			name = Debug;
		};
		BA111F832DA2E65C00357EE3 /* Release */ = {
			isa = XCBuildConfiguration;
			buildSettings = {
				BUNDLE_LOADER = "$(TEST_HOST)";
				CODE_SIGN_STYLE = Automatic;
				CURRENT_PROJECT_VERSION = 1;
				DEVELOPMENT_TEAM = 2Z8W2F9Q6D;
				GENERATE_INFOPLIST_FILE = YES;
				IPHONEOS_DEPLOYMENT_TARGET = 18.2;
				MARKETING_VERSION = 1.0;
				PRODUCT_BUNDLE_IDENTIFIER = com.marshall.tandmTests;
				PRODUCT_NAME = "$(TARGET_NAME)";
				SWIFT_EMIT_LOC_STRINGS = NO;
				SWIFT_VERSION = 5.0;
				TARGETED_DEVICE_FAMILY = "1,2";
				TEST_HOST = "$(BUILT_PRODUCTS_DIR)/tandm.app/$(BUNDLE_EXECUTABLE_FOLDER_PATH)/tandm";
			};
			name = Release;
		};
		BA111F852DA2E65C00357EE3 /* Debug */ = {
			isa = XCBuildConfiguration;
			buildSettings = {
				CODE_SIGN_STYLE = Automatic;
				CURRENT_PROJECT_VERSION = 1;
				DEVELOPMENT_TEAM = 2Z8W2F9Q6D;
				GENERATE_INFOPLIST_FILE = YES;
				MARKETING_VERSION = 1.0;
				PRODUCT_BUNDLE_IDENTIFIER = com.marshall.tandmUITests;
				PRODUCT_NAME = "$(TARGET_NAME)";
				SWIFT_EMIT_LOC_STRINGS = NO;
				SWIFT_VERSION = 5.0;
				TARGETED_DEVICE_FAMILY = "1,2";
				TEST_TARGET_NAME = tandm;
			};
			name = Debug;
		};
		BA111F862DA2E65C00357EE3 /* Release */ = {
			isa = XCBuildConfiguration;
			buildSettings = {
				CODE_SIGN_STYLE = Automatic;
				CURRENT_PROJECT_VERSION = 1;
				DEVELOPMENT_TEAM = 2Z8W2F9Q6D;
				GENERATE_INFOPLIST_FILE = YES;
				MARKETING_VERSION = 1.0;
				PRODUCT_BUNDLE_IDENTIFIER = com.marshall.tandmUITests;
				PRODUCT_NAME = "$(TARGET_NAME)";
				SWIFT_EMIT_LOC_STRINGS = NO;
				SWIFT_VERSION = 5.0;
				TARGETED_DEVICE_FAMILY = "1,2";
				TEST_TARGET_NAME = tandm;
			};
			name = Release;
		};
/* End XCBuildConfiguration section */

/* Begin XCConfigurationList section */
		BA111F532DA2E65A00357EE3 /* Build configuration list for PBXProject "tandm" */ = {
			isa = XCConfigurationList;
			buildConfigurations = (
				BA111F7C2DA2E65C00357EE3 /* Debug */,
				BA111F7D2DA2E65C00357EE3 /* Release */,
			);
			defaultConfigurationIsVisible = 0;
			defaultConfigurationName = Release;
		};
		BA111F7E2DA2E65C00357EE3 /* Build configuration list for PBXNativeTarget "tandm" */ = {
			isa = XCConfigurationList;
			buildConfigurations = (
				BA111F7F2DA2E65C00357EE3 /* Debug */,
				BA111F802DA2E65C00357EE3 /* Release */,
			);
			defaultConfigurationIsVisible = 0;
			defaultConfigurationName = Release;
		};
		BA111F812DA2E65C00357EE3 /* Build configuration list for PBXNativeTarget "tandmTests" */ = {
			isa = XCConfigurationList;
			buildConfigurations = (
				BA111F822DA2E65C00357EE3 /* Debug */,
				BA111F832DA2E65C00357EE3 /* Release */,
			);
			defaultConfigurationIsVisible = 0;
			defaultConfigurationName = Release;
		};
		BA111F842DA2E65C00357EE3 /* Build configuration list for PBXNativeTarget "tandmUITests" */ = {
			isa = XCConfigurationList;
			buildConfigurations = (
				BA111F852DA2E65C00357EE3 /* Debug */,
				BA111F862DA2E65C00357EE3 /* Release */,
			);
			defaultConfigurationIsVisible = 0;
			defaultConfigurationName = Release;
		};
/* End XCConfigurationList section */

/* Begin XCRemoteSwiftPackageReference section */
		BA111F8E2DA2EB0800357EE3 /* XCRemoteSwiftPackageReference "firebase-ios-sdk" */ = {
			isa = XCRemoteSwiftPackageReference;
			repositoryURL = "https://github.com/firebase/firebase-ios-sdk";
			requirement = {
				kind = upToNextMajorVersion;
				minimumVersion = 10.0.0;
			};
		};
/* End XCRemoteSwiftPackageReference section */

/* Begin XCSwiftPackageProductDependency section */
		BA111F8F2DA2EB0800357EE3 /* FirebaseAnalytics */ = {
			isa = XCSwiftPackageProductDependency;
			package = BA111F8E2DA2EB0800357EE3 /* XCRemoteSwiftPackageReference "firebase-ios-sdk" */;
			productName = FirebaseAnalytics;
		};
		BA111F912DA2EB0800357EE3 /* FirebaseAuth */ = {
			isa = XCSwiftPackageProductDependency;
			package = BA111F8E2DA2EB0800357EE3 /* XCRemoteSwiftPackageReference "firebase-ios-sdk" */;
			productName = FirebaseAuth;
		};
		BA111F932DA2EB0800357EE3 /* FirebaseFirestore */ = {
			isa = XCSwiftPackageProductDependency;
			package = BA111F8E2DA2EB0800357EE3 /* XCRemoteSwiftPackageReference "firebase-ios-sdk" */;
			productName = FirebaseFirestore;
		};
		BA111F952DA2EB0800357EE3 /* FirebaseFunctions */ = {
			isa = XCSwiftPackageProductDependency;
			package = BA111F8E2DA2EB0800357EE3 /* XCRemoteSwiftPackageReference "firebase-ios-sdk" */;
			productName = FirebaseFunctions;
		};
		BA6432B72DA3183F00FF9D45 /* FirebaseFirestoreSwift */ = {
			isa = XCSwiftPackageProductDependency;
			package = BA111F8E2DA2EB0800357EE3 /* XCRemoteSwiftPackageReference "firebase-ios-sdk" */;
			productName = FirebaseFirestoreSwift;
		};
/* End XCSwiftPackageProductDependency section */
	};
	rootObject = BA111F502DA2E65A00357EE3 /* Project object */;
}
